
Microsoft Visual Studio Solution File, Format Version 12.00
# Visual Studio Version 16
VisualStudioVersion = 16.0.29905.134
MinimumVisualStudioVersion = 10.0.40219.1
Project("{9A19103F-16F7-4668-BE54-9A1E7A4F7556}") = "BHP", "BHP.csproj", "{3B82D801-2179-4C2D-B286-971AD2499D78}"
EndProject
Project("{00D1A9C2-B5F0-4AF3-8072-F6C62B433612}") = "BHPDatabase", "BHPDatabase\BHPDatabase.sqlproj", "{22250871-3236-439F-A20E-041FB8D11894}"
EndProject
Global
	GlobalSection(SolutionConfigurationPlatforms) = preSolution
		Debug|Any CPU = Debug|Any CPU
		Release|Any CPU = Release|Any CPU
	EndGlobalSection
	GlobalSection(ProjectConfigurationPlatforms) = postSolution
		{3B82D801-2179-4C2D-B286-971AD2499D78}.Debug|Any CPU.ActiveCfg = Debug|Any CPU
		{3B82D801-2179-4C2D-B286-971AD2499D78}.Debug|Any CPU.Build.0 = Debug|Any CPU
		{3B82D801-2179-4C2D-B286-971AD2499D78}.Release|Any CPU.ActiveCfg = Release|Any CPU
		{3B82D801-2179-4C2D-B286-971AD2499D78}.Release|Any CPU.Build.0 = Release|Any CPU
		{22250871-3236-439F-A20E-041FB8D11894}.Debug|Any CPU.ActiveCfg = Debug|Any CPU
		{22250871-3236-439F-A20E-041FB8D11894}.Debug|Any CPU.Build.0 = Debug|Any CPU
		{22250871-3236-439F-A20E-041FB8D11894}.Debug|Any CPU.Deploy.0 = Debug|Any CPU
		{22250871-3236-439F-A20E-041FB8D11894}.Release|Any CPU.ActiveCfg = Release|Any CPU
		{22250871-3236-439F-A20E-041FB8D11894}.Release|Any CPU.Build.0 = Release|Any CPU
		{22250871-3236-439F-A20E-041FB8D11894}.Release|Any CPU.Deploy.0 = Release|Any CPU
	EndGlobalSection
	GlobalSection(SolutionProperties) = preSolution
		HideSolutionNode = FALSE
	EndGlobalSection
	GlobalSection(ExtensibilityGlobals) = postSolution
		SolutionGuid = {287CCD19-5DAD-440F-A925-CE3FB9755E08}
	EndGlobalSection
EndGlobal
